Microsoft Visual Studio Solution File, Format Version 12.00
# Visual Studio Version 17
VisualStudioVersion = 17.5.2.0
MinimumVisualStudioVersion = 10.0.40219.1
Project("{FAE04EC0-301F-11D3-BF4B-00C04F79EFBC}") = "SQL Connection", "SQL Connection\SQL Connection.csproj", "{AF63EFA3-678A-A061-BFA5-2EED9A68A74E}"
EndProject
Global
	GlobalSection(SolutionConfigurationPlatforms) = preSolution
		Debug|Any CPU = Debug|Any CPU
		Release|Any CPU = Release|Any CPU
	EndGlobalSection
	GlobalSection(ProjectConfigurationPlatforms) = postSolution
		{AF63EFA3-678A-A061-BFA5-2EED9A68A74E}.Debug|Any CPU.ActiveCfg = Debug|Any CPU
		{AF63EFA3-678A-A061-BFA5-2EED9A68A74E}.Debug|Any CPU.Build.0 = Debug|Any CPU
		{AF63EFA3-678A-A061-BFA5-2EED9A68A74E}.Release|Any CPU.ActiveCfg = Release|Any CPU
		{AF63EFA3-678A-A061-BFA5-2EED9A68A74E}.Release|Any CPU.Build.0 = Release|Any CPU
	EndGlobalSection
	GlobalSection(SolutionProperties) = preSolution
		HideSolutionNode = FALSE
	EndGlobalSection
	GlobalSection(ExtensibilityGlobals) = postSolution
		SolutionGuid = {3832B17A-2A8C-469E-AF53-D4F530BA9A9A}
	EndGlobalSection
EndGlobal
